
Microsoft Visual Studio Solution File, Format Version 12.00
Project("{FAE04EC0-301F-11D3-BF4B-00C04F79EFBC}") = "Lab2", "Lab2\Lab2.csproj", "{4C5712B4-E66D-4FE3-9164-D643990106BA}"
EndProject
Global
	GlobalSection(SolutionConfigurationPlatforms) = preSolution
		Debug|Any CPU = Debug|Any CPU
		Release|Any CPU = Release|Any CPU
	EndGlobalSection
	GlobalSection(ProjectConfigurationPlatforms) = postSolution
		{4C5712B4-E66D-4FE3-9164-D643990106BA}.Debug|Any CPU.ActiveCfg = Debug|Any CPU
		{4C5712B4-E66D-4FE3-9164-D643990106BA}.Debug|Any CPU.Build.0 = Debug|Any CPU
		{4C5712B4-E66D-4FE3-9164-D643990106BA}.Release|Any CPU.ActiveCfg = Release|Any CPU
		{4C5712B4-E66D-4FE3-9164-D643990106BA}.Release|Any CPU.Build.0 = Release|Any CPU
	EndGlobalSection
EndGlobal
